PODS:
  - Flutter (1.0.0)
  - flutter_float_window (0.0.1):
    - Flutter

DEPENDENCIES:
  - Flutter (from `Flutter`)
  - flutter_float_window (from `.symlinks/plugins/flutter_float_window/ios`)

EXTERNAL SOURCES:
  Flutter:
    :path: Flutter
  flutter_float_window:
    :path: ".symlinks/plugins/flutter_float_window/ios"

SPEC CHECKSUMS:
  Flutter: f04841e97a9d0b0a8025694d0796dd46242b2854
  flutter_float_window: 7629193e0290a9c5a2990d11f4bc22e76301a386

PODFILE CHECKSUM: 0dbd5a87e0ace00c9610d2037ac22083a01f861d

COCOAPODS: 1.12.1
